
Microsoft Visual Studio Solution File, Format Version 12.00
# Visual Studio Version 17
VisualStudioVersion = 17.3.32929.385
MinimumVisualStudioVersion = 10.0.40219.1
Project("{FAE04EC0-301F-11D3-BF4B-00C04F79EFBC}") = "ConsoleApp1", "ConsoleApp1\ConsoleApp1.csproj", "{B38D61D5-A283-423E-883A-220215D38113}"
EndProject
Global
	GlobalSection(SolutionConfigurationPlatforms) = preSolution
		Debug|Any CPU = Debug|Any CPU
		Release|Any CPU = Release|Any CPU
	EndGlobalSection
	GlobalSection(ProjectConfigurationPlatforms) = postSolution
		{B38D61D5-A283-423E-883A-220215D38113}.Debug|Any CPU.ActiveCfg = Debug|Any CPU
		{B38D61D5-A283-423E-883A-220215D38113}.Debug|Any CPU.Build.0 = Debug|Any CPU
		{B38D61D5-A283-423E-883A-220215D38113}.Release|Any CPU.ActiveCfg = Release|Any CPU
		{B38D61D5-A283-423E-883A-220215D38113}.Release|Any CPU.Build.0 = Release|Any CPU
	EndGlobalSection
	GlobalSection(SolutionProperties) = preSolution
		HideSolutionNode = FALSE
	EndGlobalSection
	GlobalSection(ExtensibilityGlobals) = postSolution
		SolutionGuid = {EF9A4C3B-72F0-4E72-B31A-F8D8A2FE4539}
	EndGlobalSection
EndGlobal
